
Microsoft Visual Studio Solution File, Format Version 12.00
# Visual Studio 2013
VisualStudioVersion = 12.0.31101.0
MinimumVisualStudioVersion = 10.0.40219.1
Project("{FAE04EC0-301F-11D3-BF4B-00C04F79EFBC}") = "TinySql", "TinySql.csproj", "{32A38E7E-87AF-47EF-B2E4-3675C55E39B6}"
EndProject
Project("{FAE04EC0-301F-11D3-BF4B-00C04F79EFBC}") = "UnitTests", "UnitTests\UnitTests.csproj", "{AC24BF4C-56DE-46EE-88C6-63F16D742A1B}"
EndProject
Project("{FAE04EC0-301F-11D3-BF4B-00C04F79EFBC}") = "TinySql.Metadata.Sql", "TinySql.SMO\TinySql.SMO\TinySql.Metadata.Sql.csproj", "{720A1B64-B0A5-4E1A-8E4C-CF8454B832FC}"
EndProject
Project("{FAE04EC0-301F-11D3-BF4B-00C04F79EFBC}") = "TinySql.Metadata.Sql.CommandLine", "TinySql.Metadata.Sql.Console\TinySql.Metadata.Sql.CommandLine.csproj", "{30837967-6B53-4D24-A1B1-38160DC0450D}"
EndProject
Project("{2150E333-8FDC-42A3-9474-1A3956D46DE8}") = "Solution Items", "Solution Items", "{E1424DC2-592D-40D8-998C-5F7272B4035C}"
	ProjectSection(SolutionItems) = preProject
		Performance1.psess = Performance1.psess
	EndProjectSection
EndProject
Global
	GlobalSection(SolutionConfigurationPlatforms) = preSolution
		Debug|Any CPU = Debug|Any CPU
		Release|Any CPU = Release|Any CPU
	EndGlobalSection
	GlobalSection(ProjectConfigurationPlatforms) = postSolution
		{32A38E7E-87AF-47EF-B2E4-3675C55E39B6}.Debug|Any CPU.ActiveCfg = Debug|Any CPU
		{32A38E7E-87AF-47EF-B2E4-3675C55E39B6}.Debug|Any CPU.Build.0 = Debug|Any CPU
		{32A38E7E-87AF-47EF-B2E4-3675C55E39B6}.Release|Any CPU.ActiveCfg = Release|Any CPU
		{32A38E7E-87AF-47EF-B2E4-3675C55E39B6}.Release|Any CPU.Build.0 = Release|Any CPU
		{AC24BF4C-56DE-46EE-88C6-63F16D742A1B}.Debug|Any CPU.ActiveCfg = Debug|Any CPU
		{AC24BF4C-56DE-46EE-88C6-63F16D742A1B}.Debug|Any CPU.Build.0 = Debug|Any CPU
		{AC24BF4C-56DE-46EE-88C6-63F16D742A1B}.Release|Any CPU.ActiveCfg = Release|Any CPU
		{AC24BF4C-56DE-46EE-88C6-63F16D742A1B}.Release|Any CPU.Build.0 = Release|Any CPU
		{720A1B64-B0A5-4E1A-8E4C-CF8454B832FC}.Debug|Any CPU.ActiveCfg = Debug|Any CPU
		{720A1B64-B0A5-4E1A-8E4C-CF8454B832FC}.Debug|Any CPU.Build.0 = Debug|Any CPU
		{720A1B64-B0A5-4E1A-8E4C-CF8454B832FC}.Release|Any CPU.ActiveCfg = Release|Any CPU
		{720A1B64-B0A5-4E1A-8E4C-CF8454B832FC}.Release|Any CPU.Build.0 = Release|Any CPU
		{30837967-6B53-4D24-A1B1-38160DC0450D}.Debug|Any CPU.ActiveCfg = Debug|Any CPU
		{30837967-6B53-4D24-A1B1-38160DC0450D}.Debug|Any CPU.Build.0 = Debug|Any CPU
		{30837967-6B53-4D24-A1B1-38160DC0450D}.Release|Any CPU.ActiveCfg = Release|Any CPU
		{30837967-6B53-4D24-A1B1-38160DC0450D}.Release|Any CPU.Build.0 = Release|Any CPU
	EndGlobalSection
	GlobalSection(SolutionProperties) = preSolution
		HideSolutionNode = FALSE
	EndGlobalSection
	GlobalSection(Performance) = preSolution
		HasPerformanceSessions = true
	EndGlobalSection
EndGlobal
